
Microsoft Visual Studio Solution File, Format Version 12.00
# Visual Studio 15
VisualStudioVersion = 15.0.26719.2
MinimumVisualStudioVersion = 10.0.40219.1
Project("{9A19103F-16F7-4668-BE54-9A1E7A4F7556}") = "BundlerSample", "samples\BundlerSample\BundlerSample.csproj", "{E48DE00D-27F3-417A-9EDF-277483474F49}"
EndProject
Project("{9A19103F-16F7-4668-BE54-9A1E7A4F7556}") = "Bundler", "src\Bundler\Bundler.csproj", "{FCB6608A-3219-44ED-A400-A735EEB33C40}"
EndProject
Project("{2150E333-8FDC-42A3-9474-1A3956D46DE8}") = "Solution Items", "Solution Items", "{9BE34752-7E0B-40DB-A192-7B6CB09217D4}"
	ProjectSection(SolutionItems) = preProject
		appveyor.yml = appveyor.yml
		README.md = README.md
	EndProjectSection
EndProject
Project("{9A19103F-16F7-4668-BE54-9A1E7A4F7556}") = "Bundler.Test", "test\Bundler.Test\Bundler.Test.csproj", "{68BA50A0-966B-41AC-9A6D-B73ADFC65D2F}"
EndProject
Global
	GlobalSection(SolutionConfigurationPlatforms) = preSolution
		Debug|Any CPU = Debug|Any CPU
		Release|Any CPU = Release|Any CPU
	EndGlobalSection
	GlobalSection(ProjectConfigurationPlatforms) = postSolution
		{E48DE00D-27F3-417A-9EDF-277483474F49}.Debug|Any CPU.ActiveCfg = Debug|Any CPU
		{E48DE00D-27F3-417A-9EDF-277483474F49}.Debug|Any CPU.Build.0 = Debug|Any CPU
		{E48DE00D-27F3-417A-9EDF-277483474F49}.Release|Any CPU.ActiveCfg = Release|Any CPU
		{E48DE00D-27F3-417A-9EDF-277483474F49}.Release|Any CPU.Build.0 = Release|Any CPU
		{FCB6608A-3219-44ED-A400-A735EEB33C40}.Debug|Any CPU.ActiveCfg = Debug|Any CPU
		{FCB6608A-3219-44ED-A400-A735EEB33C40}.Debug|Any CPU.Build.0 = Debug|Any CPU
		{FCB6608A-3219-44ED-A400-A735EEB33C40}.Release|Any CPU.ActiveCfg = Release|Any CPU
		{FCB6608A-3219-44ED-A400-A735EEB33C40}.Release|Any CPU.Build.0 = Release|Any CPU
		{68BA50A0-966B-41AC-9A6D-B73ADFC65D2F}.Debug|Any CPU.ActiveCfg = Debug|Any CPU
		{68BA50A0-966B-41AC-9A6D-B73ADFC65D2F}.Debug|Any CPU.Build.0 = Debug|Any CPU
		{68BA50A0-966B-41AC-9A6D-B73ADFC65D2F}.Release|Any CPU.ActiveCfg = Release|Any CPU
		{68BA50A0-966B-41AC-9A6D-B73ADFC65D2F}.Release|Any CPU.Build.0 = Release|Any CPU
	EndGlobalSection
	GlobalSection(SolutionProperties) = preSolution
		HideSolutionNode = FALSE
	EndGlobalSection
	GlobalSection(ExtensibilityGlobals) = postSolution
		SolutionGuid = {2FAEEF32-DCF8-4CC7-9021-94DA0792CC30}
	EndGlobalSection
EndGlobal
